
Microsoft Visual Studio Solution File, Format Version 12.00
# Visual Studio Version 16
VisualStudioVersion = 16.0.30114.128
MinimumVisualStudioVersion = 10.0.40219.1
Project("{FAE04EC0-301F-11D3-BF4B-00C04F79EFBC}") = "NightAudit", "Serviel\NightAudit.csproj", "{35E7E0F9-484B-4AAC-9C51-CC613ED58A3A}"
EndProject
Global
	GlobalSection(SolutionConfigurationPlatforms) = preSolution
		Debug|Any CPU = Debug|Any CPU
		Release|Any CPU = Release|Any CPU
	EndGlobalSection
	GlobalSection(ProjectConfigurationPlatforms) = postSolution
		{35E7E0F9-484B-4AAC-9C51-CC613ED58A3A}.Debug|Any CPU.ActiveCfg = Debug|Any CPU
		{35E7E0F9-484B-4AAC-9C51-CC613ED58A3A}.Debug|Any CPU.Build.0 = Debug|Any CPU
		{35E7E0F9-484B-4AAC-9C51-CC613ED58A3A}.Release|Any CPU.ActiveCfg = Release|Any CPU
		{35E7E0F9-484B-4AAC-9C51-CC613ED58A3A}.Release|Any CPU.Build.0 = Release|Any CPU
	EndGlobalSection
	GlobalSection(SolutionProperties) = preSolution
		HideSolutionNode = FALSE
	EndGlobalSection
	GlobalSection(ExtensibilityGlobals) = postSolution
		SolutionGuid = {35E49CE3-BD7A-4360-B499-893027488651}
	EndGlobalSection
EndGlobal
